
Microsoft Visual Studio Solution File, Format Version 12.00
# Visual Studio 15
VisualStudioVersion = 15.0.28010.2016
MinimumVisualStudioVersion = 10.0.40219.1
Project("{9A19103F-16F7-4668-BE54-9A1E7A4F7556}") = "RssReader", "RssReader\RssReader.csproj", "{08BC42CD-5053-4B36-868D-EBC22AF94607}"
EndProject
Project("{9A19103F-16F7-4668-BE54-9A1E7A4F7556}") = "RssReader.Library", "RssReader.Library\RssReader.Library.csproj", "{24B98214-E1CA-4364-864F-02B9B05BCFF7}"
EndProject
Global
	GlobalSection(SolutionConfigurationPlatforms) = preSolution
		Debug|Any CPU = Debug|Any CPU
		Release|Any CPU = Release|Any CPU
	EndGlobalSection
	GlobalSection(ProjectConfigurationPlatforms) = postSolution
		{08BC42CD-5053-4B36-868D-EBC22AF94607}.Debug|Any CPU.ActiveCfg = Debug|Any CPU
		{08BC42CD-5053-4B36-868D-EBC22AF94607}.Debug|Any CPU.Build.0 = Debug|Any CPU
		{08BC42CD-5053-4B36-868D-EBC22AF94607}.Release|Any CPU.ActiveCfg = Release|Any CPU
		{08BC42CD-5053-4B36-868D-EBC22AF94607}.Release|Any CPU.Build.0 = Release|Any CPU
		{24B98214-E1CA-4364-864F-02B9B05BCFF7}.Debug|Any CPU.ActiveCfg = Debug|Any CPU
		{24B98214-E1CA-4364-864F-02B9B05BCFF7}.Debug|Any CPU.Build.0 = Debug|Any CPU
		{24B98214-E1CA-4364-864F-02B9B05BCFF7}.Release|Any CPU.ActiveCfg = Release|Any CPU
		{24B98214-E1CA-4364-864F-02B9B05BCFF7}.Release|Any CPU.Build.0 = Release|Any CPU
	EndGlobalSection
	GlobalSection(SolutionProperties) = preSolution
		HideSolutionNode = FALSE
	EndGlobalSection
	GlobalSection(ExtensibilityGlobals) = postSolution
		SolutionGuid = {9A79ABF5-EB34-4566-8108-D2CBB1F2315A}
	EndGlobalSection
EndGlobal
